
Microsoft Visual Studio Solution File, Format Version 12.00
# Visual Studio 15
VisualStudioVersion = 15.0.26124.0
MinimumVisualStudioVersion = 15.0.26124.0
Project("{2150E333-8FDC-42A3-9474-1A3956D46DE8}") = "Infrastructure", "Infrastructure", "{01B586A2-6737-4CD1-84DE-3C2FDEEC51A8}"
EndProject
Project("{2150E333-8FDC-42A3-9474-1A3956D46DE8}") = "Identification", "Identification", "{D6B43EB0-4C0A-425F-AB41-01E6A473A8D0}"
EndProject
Project("{FAE04EC0-301F-11D3-BF4B-00C04F79EFBC}") = "Infrastructure.Identification.Abstractions", "Infrastructure\Identification\Infrastructure.Identification.Abstractions\Infrastructure.Identification.Abstractions.csproj", "{91B0214F-09D3-4DE5-BE53-9EE45F2776FE}"
EndProject
Project("{FAE04EC0-301F-11D3-BF4B-00C04F79EFBC}") = "Infrastructure.Identification.Base", "Infrastructure\Identification\Infrastructure.Identification.Base\Infrastructure.Identification.Base.csproj", "{361D7B2C-AF4D-47F1-A41B-23E21883C0FC}"
EndProject
Project("{2150E333-8FDC-42A3-9474-1A3956D46DE8}") = "Domain", "Domain", "{EF94E5B1-E75B-4A2F-8AA1-1CB2AB6D15C9}"
EndProject
Project("{FAE04EC0-301F-11D3-BF4B-00C04F79EFBC}") = "Infrastructure.Domain.Entities.Abstractions", "Infrastructure\Domain\Infrastructure.Domain.Entities.Abstractions\Infrastructure.Domain.Entities.Abstractions.csproj", "{DD6365DA-D33A-4C0B-82EE-6289FF166058}"
EndProject
Project("{FAE04EC0-301F-11D3-BF4B-00C04F79EFBC}") = "Infrastructure.Domain.Entities.Base", "Infrastructure\Domain\Infrastructure.Domain.Entities.Base\Infrastructure.Domain.Entities.Base.csproj", "{C107DF89-305C-4711-BA0C-77DB9C0CB2FE}"
EndProject
Project("{FAE04EC0-301F-11D3-BF4B-00C04F79EFBC}") = "Infrastructure.Domain.ValueObjects.Abstractions", "Infrastructure\Domain\Infrastructure.Domain.ValueObjects.Abstractions\Infrastructure.Domain.ValueObjects.Abstractions.csproj", "{7558356F-70FC-4459-ABF4-4A6D30C1D334}"
EndProject
Project("{FAE04EC0-301F-11D3-BF4B-00C04F79EFBC}") = "Infrastructure.Domain.ValueObjects.Base", "Infrastructure\Domain\Infrastructure.Domain.ValueObjects.Base\Infrastructure.Domain.ValueObjects.Base.csproj", "{25D1A3E2-ADE8-456D-9D53-CAD5EC46EABB}"
EndProject
Project("{2150E333-8FDC-42A3-9474-1A3956D46DE8}") = "Commands", "Commands", "{284ED9AC-2A95-44D9-B278-0B79B6BCAA7E}"
EndProject
Project("{FAE04EC0-301F-11D3-BF4B-00C04F79EFBC}") = "Infrastructure.Commands.Abstractions", "Infrastructure\Commands\Infrastructure.Commands.Abstractions\Infrastructure.Commands.Abstractions.csproj", "{1E68517A-0AE8-4007-9AEE-2C8EE1D9B655}"
EndProject
Project("{FAE04EC0-301F-11D3-BF4B-00C04F79EFBC}") = "Infrastructure.Commands.Contexts.Abstractions", "Infrastructure\Commands\Infrastructure.Commands.Contexts.Abstractions\Infrastructure.Commands.Contexts.Abstractions.csproj", "{E18A5D4B-E49B-451B-858D-0D247AE4EB90}"
EndProject
Project("{FAE04EC0-301F-11D3-BF4B-00C04F79EFBC}") = "Infrastructure.Commands.Factories.Abstractions", "Infrastructure\Commands\Infrastructure.Commands.Factories.Abstractions\Infrastructure.Commands.Factories.Abstractions.csproj", "{2AB0FBD2-6951-4176-8C50-A0AB4C97E9A2}"
EndProject
Project("{FAE04EC0-301F-11D3-BF4B-00C04F79EFBC}") = "Infrastructure.Commands.Builders.Abstractions", "Infrastructure\Commands\Infrastructure.Commands.Builders.Abstractions\Infrastructure.Commands.Builders.Abstractions.csproj", "{07A16262-B96C-438F-AF93-20D23011ACB0}"
EndProject
Project("{FAE04EC0-301F-11D3-BF4B-00C04F79EFBC}") = "Infrastructure.Commands.Builders.Default", "Infrastructure\Commands\Infrastructure.Commands.Builders.Default\Infrastructure.Commands.Builders.Default.csproj", "{171EED0F-F05E-46C1-8FDE-5D8EAD5EFFCB}"
EndProject
Project("{2150E333-8FDC-42A3-9474-1A3956D46DE8}") = "Linq", "Linq", "{0F54DDCD-8BF7-4FAD-9B2B-7EB54BAAE76B}"
EndProject
Project("{FAE04EC0-301F-11D3-BF4B-00C04F79EFBC}") = "Infrastructure.Linq.AsyncQueryable.Abstractions", "Infrastructure\Linq\Infrastructure.Linq.AsyncQueryable.Abstractions\Infrastructure.Linq.AsyncQueryable.Abstractions.csproj", "{6A69C560-BB41-43D4-8D2B-D37E80387841}"
EndProject
Project("{FAE04EC0-301F-11D3-BF4B-00C04F79EFBC}") = "Infrastructure.Linq.AsyncQueryable.Base", "Infrastructure\Linq\Infrastructure.Linq.AsyncQueryable.Base\Infrastructure.Linq.AsyncQueryable.Base.csproj", "{2522209C-4641-484F-B2F9-C1C53CD8B3FF}"
EndProject
Project("{FAE04EC0-301F-11D3-BF4B-00C04F79EFBC}") = "Infrastructure.Linq.AsyncQueryable.Factories.Abstractions", "Infrastructure\Linq\Infrastructure.Linq.AsyncQueryable.Factories.Abstractions\Infrastructure.Linq.AsyncQueryable.Factories.Abstractions.csproj", "{E53E6354-9C24-4A64-A9F8-5CBF35F3D1BD}"
EndProject
Project("{FAE04EC0-301F-11D3-BF4B-00C04F79EFBC}") = "Infrastructure.Linq.Providers.Abstractions", "Infrastructure\Linq\Infrastructure.Linq.Providers.Abstractions\Infrastructure.Linq.Providers.Abstractions.csproj", "{D8CA50BB-41B9-4BA5-841E-5CA556547BA7}"
EndProject
Project("{2150E333-8FDC-42A3-9474-1A3956D46DE8}") = "Queries", "Queries", "{6AC89734-BC19-4F93-AAC5-7F19418E8732}"
EndProject
Project("{FAE04EC0-301F-11D3-BF4B-00C04F79EFBC}") = "Infrastructure.Queries.Criteria.Abstractions", "Infrastructure\Queries\Infrastructure.Queries.Criteria.Abstractions\Infrastructure.Queries.Criteria.Abstractions.csproj", "{ECA6F5CB-FCE5-4DF6-ABC2-07EB180E66A8}"
EndProject
Project("{FAE04EC0-301F-11D3-BF4B-00C04F79EFBC}") = "Infrastructure.Queries.Abstractions", "Infrastructure\Queries\Infrastructure.Queries.Abstractions\Infrastructure.Queries.Abstractions.csproj", "{AC347876-A7AE-43E4-8985-0278668A0355}"
EndProject
Project("{FAE04EC0-301F-11D3-BF4B-00C04F79EFBC}") = "Infrastructure.Queries.Builders.Abstractions", "Infrastructure\Queries\Infrastructure.Queries.Builders.Abstractions\Infrastructure.Queries.Builders.Abstractions.csproj", "{A1ED25FE-8CC6-40C4-86B8-2EDE5C4FBBA1}"
EndProject
Project("{FAE04EC0-301F-11D3-BF4B-00C04F79EFBC}") = "Infrastructure.Queries.Builders.Default", "Infrastructure\Queries\Infrastructure.Queries.Builders.Default\Infrastructure.Queries.Builders.Default.csproj", "{248B2089-3CE0-4DEF-AFC0-DBA48E4517ED}"
EndProject
Project("{FAE04EC0-301F-11D3-BF4B-00C04F79EFBC}") = "Infrastructure.Queries.Factories.Abstractions", "Infrastructure\Queries\Infrastructure.Queries.Factories.Abstractions\Infrastructure.Queries.Factories.Abstractions.csproj", "{A30A1688-49DD-4862-AE55-73EC9B83BE3B}"
EndProject
Project("{FAE04EC0-301F-11D3-BF4B-00C04F79EFBC}") = "Infrastructure.Queries.Linq.Base", "Infrastructure\Queries\Infrastructure.Queries.Linq.Base\Infrastructure.Queries.Linq.Base.csproj", "{92180B5E-FA62-4F71-8FF2-0171B7FBA639}"
EndProject
Project("{FAE04EC0-301F-11D3-BF4B-00C04F79EFBC}") = "Infrastructure.Queries.Criteria.Common", "Infrastructure\Queries\Infrastructure.Queries.Criteria.Common\Infrastructure.Queries.Criteria.Common.csproj", "{D78D3E10-8571-489E-BFB3-84554E9F6D78}"
EndProject
Project("{FAE04EC0-301F-11D3-BF4B-00C04F79EFBC}") = "Infrastructure.Queries.Criteria.Common.Extensions", "Infrastructure\Queries\Infrastructure.Queries.Criteria.Common.Extensions\Infrastructure.Queries.Criteria.Common.Extensions.csproj", "{EB6473E1-52CD-4F57-8846-7599DA866CB0}"
EndProject
Project("{2150E333-8FDC-42A3-9474-1A3956D46DE8}") = "Repositories", "Repositories", "{C55870D3-F2C9-4B8F-B57D-266D361B7804}"
EndProject
Project("{FAE04EC0-301F-11D3-BF4B-00C04F79EFBC}") = "Infrastructure.Repositories.Abstractions", "Infrastructure\Repositories\Infrastructure.Repositories.Abstractions\Infrastructure.Repositories.Abstractions.csproj", "{D030A639-5541-43F3-94DD-2EC1585B9947}"
EndProject
Project("{2150E333-8FDC-42A3-9474-1A3956D46DE8}") = "NHibernate", "NHibernate", "{039063F7-0371-4845-8750-65521BC7AFBE}"
EndProject
Project("{2150E333-8FDC-42A3-9474-1A3956D46DE8}") = "DataAnnotations", "DataAnnotations", "{DBEA629A-C0B7-4821-8CEA-70D5D7492A58}"
EndProject
Project("{FAE04EC0-301F-11D3-BF4B-00C04F79EFBC}") = "Infrastructure.DataAnnotations", "Infrastructure\DataAnnotations\Infrastructure.DataAnnotations\Infrastructure.DataAnnotations.csproj", "{A15292E0-55A1-4E7F-A446-BE75DFBCAC9C}"
EndProject
Project("{FAE04EC0-301F-11D3-BF4B-00C04F79EFBC}") = "Infrastructure.NHibernate", "Infrastructure\NHibernate\Infrastructure.NHibernate\Infrastructure.NHibernate.csproj", "{1FF5AED8-534D-4AEA-8617-6D804C64E883}"
EndProject
Project("{2150E333-8FDC-42A3-9474-1A3956D46DE8}") = "Transactions", "Transactions", "{5CBBD259-B3C0-4839-9BD8-E937978D744F}"
EndProject
Project("{FAE04EC0-301F-11D3-BF4B-00C04F79EFBC}") = "Infrastructure.Transactions.Behaviors", "Infrastructure\Transactions\Infrastructure.Transactions.Behaviors\Infrastructure.Transactions.Behaviors.csproj", "{AEB4A4E5-C6BB-47DF-92F0-877B02A3D7EE}"
EndProject
Project("{FAE04EC0-301F-11D3-BF4B-00C04F79EFBC}") = "Infrastructure.NHibernate.AutoMapping", "Infrastructure\NHibernate\Infrastructure.NHibernate.AutoMapping\Infrastructure.NHibernate.AutoMapping.csproj", "{F3E8C652-D1B1-44E9-BEC1-FD751F6F8F3E}"
EndProject
Project("{FAE04EC0-301F-11D3-BF4B-00C04F79EFBC}") = "Infrastructure.Domain.Services.Abstractions", "Infrastructure\Domain\Infrastructure.Domain.Services.Abstractions\Infrastructure.Domain.Services.Abstractions.csproj", "{56278FE0-7CAF-4185-9757-BD2D51F3EFF9}"
EndProject
Project("{FAE04EC0-301F-11D3-BF4B-00C04F79EFBC}") = "Leads.Domain", "Leads.Domain\Leads.Domain.csproj", "{74F8AE4F-1120-4CF2-922A-EBDA31C467ED}"
EndProject
Project("{FAE04EC0-301F-11D3-BF4B-00C04F79EFBC}") = "Infrastructure.Commands.Contexts.Common", "Infrastructure\Commands\Infrastructure.Commands.Contexts.Common\Infrastructure.Commands.Contexts.Common.csproj", "{C39AE625-3F37-4C52-9F4E-8AA3FFAB4C3D}"
EndProject
Project("{FAE04EC0-301F-11D3-BF4B-00C04F79EFBC}") = "Infrastructure.Commands.Contexts.Common.Extensions", "Infrastructure\Commands\Infrastructure.Commands.Contexts.Common.Extensions\Infrastructure.Commands.Contexts.Common.Extensions.csproj", "{284BA05B-8547-436F-9E5B-E5A69226D82D}"
EndProject
Project("{FAE04EC0-301F-11D3-BF4B-00C04F79EFBC}") = "Leads.Persistence", "Leads.Persistence\Leads.Persistence.csproj", "{8BFEEF25-B6FB-4157-BD12-67F262E2FD2C}"
EndProject
Project("{FAE04EC0-301F-11D3-BF4B-00C04F79EFBC}") = "Leads.Persistence.NHibernate", "Leads.Persistence.NHibernate\Leads.Persistence.NHibernate.csproj", "{4454AC8D-F6F2-4647-A316-D44DCE2E7048}"
EndProject
Project("{FAE04EC0-301F-11D3-BF4B-00C04F79EFBC}") = "Leads.WebApi", "Leads.WebApi\Leads.WebApi.csproj", "{0873AA9E-C74B-4C72-AA3A-99B4625FA792}"
EndProject
Project("{FAE04EC0-301F-11D3-BF4B-00C04F79EFBC}") = "Leads.WebApi.Application", "Leads.WebApi.Application\Leads.WebApi.Application.csproj", "{B5BD5584-A4B9-47E5-8D77-37DE106241F7}"
EndProject
Project("{FAE04EC0-301F-11D3-BF4B-00C04F79EFBC}") = "Infrastructure.Queries.Repository.Base", "Infrastructure\Queries\Infrastructure.Queries.Repository.Base\Infrastructure.Queries.Repository.Base.csproj", "{EF7EEF72-A320-42E9-9870-8AA635861C58}"
EndProject
Project("{FAE04EC0-301F-11D3-BF4B-00C04F79EFBC}") = "Infrastructure.Transactions.Notifications.Abstractions", "Infrastructure\Transactions\Infrastructure.Transactions.Notifications.Abstractions\Infrastructure.Transactions.Notifications.Abstractions.csproj", "{1553AEBF-B7E1-40E7-960E-21092D3841B1}"
EndProject
Project("{FAE04EC0-301F-11D3-BF4B-00C04F79EFBC}") = "Leads.WebApi.Application.Persistence", "Leads.WebApi.Application.Persistence\Leads.WebApi.Application.Persistence.csproj", "{0BF7A9EE-0990-4322-B730-FA9CF93FE905}"
EndProject
Global
	GlobalSection(SolutionConfigurationPlatforms) = preSolution
		Debug|Any CPU = Debug|Any CPU
		Debug|x64 = Debug|x64
		Debug|x86 = Debug|x86
		Release|Any CPU = Release|Any CPU
		Release|x64 = Release|x64
		Release|x86 = Release|x86
	EndGlobalSection
	GlobalSection(SolutionProperties) = preSolution
		HideSolutionNode = FALSE
	EndGlobalSection
	GlobalSection(NestedProjects) = preSolution
		{D6B43EB0-4C0A-425F-AB41-01E6A473A8D0} = {01B586A2-6737-4CD1-84DE-3C2FDEEC51A8}
		{91B0214F-09D3-4DE5-BE53-9EE45F2776FE} = {D6B43EB0-4C0A-425F-AB41-01E6A473A8D0}
		{361D7B2C-AF4D-47F1-A41B-23E21883C0FC} = {D6B43EB0-4C0A-425F-AB41-01E6A473A8D0}
		{EF94E5B1-E75B-4A2F-8AA1-1CB2AB6D15C9} = {01B586A2-6737-4CD1-84DE-3C2FDEEC51A8}
		{DD6365DA-D33A-4C0B-82EE-6289FF166058} = {EF94E5B1-E75B-4A2F-8AA1-1CB2AB6D15C9}
		{C107DF89-305C-4711-BA0C-77DB9C0CB2FE} = {EF94E5B1-E75B-4A2F-8AA1-1CB2AB6D15C9}
		{7558356F-70FC-4459-ABF4-4A6D30C1D334} = {EF94E5B1-E75B-4A2F-8AA1-1CB2AB6D15C9}
		{25D1A3E2-ADE8-456D-9D53-CAD5EC46EABB} = {EF94E5B1-E75B-4A2F-8AA1-1CB2AB6D15C9}
		{284ED9AC-2A95-44D9-B278-0B79B6BCAA7E} = {01B586A2-6737-4CD1-84DE-3C2FDEEC51A8}
		{1E68517A-0AE8-4007-9AEE-2C8EE1D9B655} = {284ED9AC-2A95-44D9-B278-0B79B6BCAA7E}
		{E18A5D4B-E49B-451B-858D-0D247AE4EB90} = {284ED9AC-2A95-44D9-B278-0B79B6BCAA7E}
		{2AB0FBD2-6951-4176-8C50-A0AB4C97E9A2} = {284ED9AC-2A95-44D9-B278-0B79B6BCAA7E}
		{07A16262-B96C-438F-AF93-20D23011ACB0} = {284ED9AC-2A95-44D9-B278-0B79B6BCAA7E}
		{171EED0F-F05E-46C1-8FDE-5D8EAD5EFFCB} = {284ED9AC-2A95-44D9-B278-0B79B6BCAA7E}
		{0F54DDCD-8BF7-4FAD-9B2B-7EB54BAAE76B} = {01B586A2-6737-4CD1-84DE-3C2FDEEC51A8}
		{6A69C560-BB41-43D4-8D2B-D37E80387841} = {0F54DDCD-8BF7-4FAD-9B2B-7EB54BAAE76B}
		{2522209C-4641-484F-B2F9-C1C53CD8B3FF} = {0F54DDCD-8BF7-4FAD-9B2B-7EB54BAAE76B}
		{E53E6354-9C24-4A64-A9F8-5CBF35F3D1BD} = {0F54DDCD-8BF7-4FAD-9B2B-7EB54BAAE76B}
		{D8CA50BB-41B9-4BA5-841E-5CA556547BA7} = {0F54DDCD-8BF7-4FAD-9B2B-7EB54BAAE76B}
		{6AC89734-BC19-4F93-AAC5-7F19418E8732} = {01B586A2-6737-4CD1-84DE-3C2FDEEC51A8}
		{ECA6F5CB-FCE5-4DF6-ABC2-07EB180E66A8} = {6AC89734-BC19-4F93-AAC5-7F19418E8732}
		{AC347876-A7AE-43E4-8985-0278668A0355} = {6AC89734-BC19-4F93-AAC5-7F19418E8732}
		{A1ED25FE-8CC6-40C4-86B8-2EDE5C4FBBA1} = {6AC89734-BC19-4F93-AAC5-7F19418E8732}
		{248B2089-3CE0-4DEF-AFC0-DBA48E4517ED} = {6AC89734-BC19-4F93-AAC5-7F19418E8732}
		{A30A1688-49DD-4862-AE55-73EC9B83BE3B} = {6AC89734-BC19-4F93-AAC5-7F19418E8732}
		{92180B5E-FA62-4F71-8FF2-0171B7FBA639} = {6AC89734-BC19-4F93-AAC5-7F19418E8732}
		{D78D3E10-8571-489E-BFB3-84554E9F6D78} = {6AC89734-BC19-4F93-AAC5-7F19418E8732}
		{EB6473E1-52CD-4F57-8846-7599DA866CB0} = {6AC89734-BC19-4F93-AAC5-7F19418E8732}
		{C55870D3-F2C9-4B8F-B57D-266D361B7804} = {01B586A2-6737-4CD1-84DE-3C2FDEEC51A8}
		{D030A639-5541-43F3-94DD-2EC1585B9947} = {C55870D3-F2C9-4B8F-B57D-266D361B7804}
		{039063F7-0371-4845-8750-65521BC7AFBE} = {01B586A2-6737-4CD1-84DE-3C2FDEEC51A8}
		{DBEA629A-C0B7-4821-8CEA-70D5D7492A58} = {01B586A2-6737-4CD1-84DE-3C2FDEEC51A8}
		{A15292E0-55A1-4E7F-A446-BE75DFBCAC9C} = {DBEA629A-C0B7-4821-8CEA-70D5D7492A58}
		{1FF5AED8-534D-4AEA-8617-6D804C64E883} = {039063F7-0371-4845-8750-65521BC7AFBE}
		{5CBBD259-B3C0-4839-9BD8-E937978D744F} = {01B586A2-6737-4CD1-84DE-3C2FDEEC51A8}
		{AEB4A4E5-C6BB-47DF-92F0-877B02A3D7EE} = {5CBBD259-B3C0-4839-9BD8-E937978D744F}
		{F3E8C652-D1B1-44E9-BEC1-FD751F6F8F3E} = {039063F7-0371-4845-8750-65521BC7AFBE}
		{56278FE0-7CAF-4185-9757-BD2D51F3EFF9} = {EF94E5B1-E75B-4A2F-8AA1-1CB2AB6D15C9}
		{C39AE625-3F37-4C52-9F4E-8AA3FFAB4C3D} = {284ED9AC-2A95-44D9-B278-0B79B6BCAA7E}
		{284BA05B-8547-436F-9E5B-E5A69226D82D} = {284ED9AC-2A95-44D9-B278-0B79B6BCAA7E}
		{EF7EEF72-A320-42E9-9870-8AA635861C58} = {6AC89734-BC19-4F93-AAC5-7F19418E8732}
		{1553AEBF-B7E1-40E7-960E-21092D3841B1} = {5CBBD259-B3C0-4839-9BD8-E937978D744F}
	EndGlobalSection
	GlobalSection(ProjectConfigurationPlatforms) = postSolution
		{91B0214F-09D3-4DE5-BE53-9EE45F2776FE}.Debug|Any CPU.ActiveCfg = Debug|Any CPU
		{91B0214F-09D3-4DE5-BE53-9EE45F2776FE}.Debug|Any CPU.Build.0 = Debug|Any CPU
		{91B0214F-09D3-4DE5-BE53-9EE45F2776FE}.Debug|x64.ActiveCfg = Debug|Any CPU
		{91B0214F-09D3-4DE5-BE53-9EE45F2776FE}.Debug|x64.Build.0 = Debug|Any CPU
		{91B0214F-09D3-4DE5-BE53-9EE45F2776FE}.Debug|x86.ActiveCfg = Debug|Any CPU
		{91B0214F-09D3-4DE5-BE53-9EE45F2776FE}.Debug|x86.Build.0 = Debug|Any CPU
		{91B0214F-09D3-4DE5-BE53-9EE45F2776FE}.Release|Any CPU.ActiveCfg = Release|Any CPU
		{91B0214F-09D3-4DE5-BE53-9EE45F2776FE}.Release|Any CPU.Build.0 = Release|Any CPU
		{91B0214F-09D3-4DE5-BE53-9EE45F2776FE}.Release|x64.ActiveCfg = Release|Any CPU
		{91B0214F-09D3-4DE5-BE53-9EE45F2776FE}.Release|x64.Build.0 = Release|Any CPU
		{91B0214F-09D3-4DE5-BE53-9EE45F2776FE}.Release|x86.ActiveCfg = Release|Any CPU
		{91B0214F-09D3-4DE5-BE53-9EE45F2776FE}.Release|x86.Build.0 = Release|Any CPU
		{361D7B2C-AF4D-47F1-A41B-23E21883C0FC}.Debug|Any CPU.ActiveCfg = Debug|Any CPU
		{361D7B2C-AF4D-47F1-A41B-23E21883C0FC}.Debug|Any CPU.Build.0 = Debug|Any CPU
		{361D7B2C-AF4D-47F1-A41B-23E21883C0FC}.Debug|x64.ActiveCfg = Debug|Any CPU
		{361D7B2C-AF4D-47F1-A41B-23E21883C0FC}.Debug|x64.Build.0 = Debug|Any CPU
		{361D7B2C-AF4D-47F1-A41B-23E21883C0FC}.Debug|x86.ActiveCfg = Debug|Any CPU
		{361D7B2C-AF4D-47F1-A41B-23E21883C0FC}.Debug|x86.Build.0 = Debug|Any CPU
		{361D7B2C-AF4D-47F1-A41B-23E21883C0FC}.Release|Any CPU.ActiveCfg = Release|Any CPU
		{361D7B2C-AF4D-47F1-A41B-23E21883C0FC}.Release|Any CPU.Build.0 = Release|Any CPU
		{361D7B2C-AF4D-47F1-A41B-23E21883C0FC}.Release|x64.ActiveCfg = Release|Any CPU
		{361D7B2C-AF4D-47F1-A41B-23E21883C0FC}.Release|x64.Build.0 = Release|Any CPU
		{361D7B2C-AF4D-47F1-A41B-23E21883C0FC}.Release|x86.ActiveCfg = Release|Any CPU
		{361D7B2C-AF4D-47F1-A41B-23E21883C0FC}.Release|x86.Build.0 = Release|Any CPU
		{DD6365DA-D33A-4C0B-82EE-6289FF166058}.Debug|Any CPU.ActiveCfg = Debug|Any CPU
		{DD6365DA-D33A-4C0B-82EE-6289FF166058}.Debug|Any CPU.Build.0 = Debug|Any CPU
		{DD6365DA-D33A-4C0B-82EE-6289FF166058}.Debug|x64.ActiveCfg = Debug|Any CPU
		{DD6365DA-D33A-4C0B-82EE-6289FF166058}.Debug|x64.Build.0 = Debug|Any CPU
		{DD6365DA-D33A-4C0B-82EE-6289FF166058}.Debug|x86.ActiveCfg = Debug|Any CPU
		{DD6365DA-D33A-4C0B-82EE-6289FF166058}.Debug|x86.Build.0 = Debug|Any CPU
		{DD6365DA-D33A-4C0B-82EE-6289FF166058}.Release|Any CPU.ActiveCfg = Release|Any CPU
		{DD6365DA-D33A-4C0B-82EE-6289FF166058}.Release|Any CPU.Build.0 = Release|Any CPU
		{DD6365DA-D33A-4C0B-82EE-6289FF166058}.Release|x64.ActiveCfg = Release|Any CPU
		{DD6365DA-D33A-4C0B-82EE-6289FF166058}.Release|x64.Build.0 = Release|Any CPU
		{DD6365DA-D33A-4C0B-82EE-6289FF166058}.Release|x86.ActiveCfg = Release|Any CPU
		{DD6365DA-D33A-4C0B-82EE-6289FF166058}.Release|x86.Build.0 = Release|Any CPU
		{C107DF89-305C-4711-BA0C-77DB9C0CB2FE}.Debug|Any CPU.ActiveCfg = Debug|Any CPU
		{C107DF89-305C-4711-BA0C-77DB9C0CB2FE}.Debug|Any CPU.Build.0 = Debug|Any CPU
		{C107DF89-305C-4711-BA0C-77DB9C0CB2FE}.Debug|x64.ActiveCfg = Debug|Any CPU
		{C107DF89-305C-4711-BA0C-77DB9C0CB2FE}.Debug|x64.Build.0 = Debug|Any CPU
		{C107DF89-305C-4711-BA0C-77DB9C0CB2FE}.Debug|x86.ActiveCfg = Debug|Any CPU
		{C107DF89-305C-4711-BA0C-77DB9C0CB2FE}.Debug|x86.Build.0 = Debug|Any CPU
		{C107DF89-305C-4711-BA0C-77DB9C0CB2FE}.Release|Any CPU.ActiveCfg = Release|Any CPU
		{C107DF89-305C-4711-BA0C-77DB9C0CB2FE}.Release|Any CPU.Build.0 = Release|Any CPU
		{C107DF89-305C-4711-BA0C-77DB9C0CB2FE}.Release|x64.ActiveCfg = Release|Any CPU
		{C107DF89-305C-4711-BA0C-77DB9C0CB2FE}.Release|x64.Build.0 = Release|Any CPU
		{C107DF89-305C-4711-BA0C-77DB9C0CB2FE}.Release|x86.ActiveCfg = Release|Any CPU
		{C107DF89-305C-4711-BA0C-77DB9C0CB2FE}.Release|x86.Build.0 = Release|Any CPU
		{7558356F-70FC-4459-ABF4-4A6D30C1D334}.Debug|Any CPU.ActiveCfg = Debug|Any CPU
		{7558356F-70FC-4459-ABF4-4A6D30C1D334}.Debug|Any CPU.Build.0 = Debug|Any CPU
		{7558356F-70FC-4459-ABF4-4A6D30C1D334}.Debug|x64.ActiveCfg = Debug|Any CPU
		{7558356F-70FC-4459-ABF4-4A6D30C1D334}.Debug|x64.Build.0 = Debug|Any CPU
		{7558356F-70FC-4459-ABF4-4A6D30C1D334}.Debug|x86.ActiveCfg = Debug|Any CPU
		{7558356F-70FC-4459-ABF4-4A6D30C1D334}.Debug|x86.Build.0 = Debug|Any CPU
		{7558356F-70FC-4459-ABF4-4A6D30C1D334}.Release|Any CPU.ActiveCfg = Release|Any CPU
		{7558356F-70FC-4459-ABF4-4A6D30C1D334}.Release|Any CPU.Build.0 = Release|Any CPU
		{7558356F-70FC-4459-ABF4-4A6D30C1D334}.Release|x64.ActiveCfg = Release|Any CPU
		{7558356F-70FC-4459-ABF4-4A6D30C1D334}.Release|x64.Build.0 = Release|Any CPU
		{7558356F-70FC-4459-ABF4-4A6D30C1D334}.Release|x86.ActiveCfg = Release|Any CPU
		{7558356F-70FC-4459-ABF4-4A6D30C1D334}.Release|x86.Build.0 = Release|Any CPU
		{25D1A3E2-ADE8-456D-9D53-CAD5EC46EABB}.Debug|Any CPU.ActiveCfg = Debug|Any CPU
		{25D1A3E2-ADE8-456D-9D53-CAD5EC46EABB}.Debug|Any CPU.Build.0 = Debug|Any CPU
		{25D1A3E2-ADE8-456D-9D53-CAD5EC46EABB}.Debug|x64.ActiveCfg = Debug|Any CPU
		{25D1A3E2-ADE8-456D-9D53-CAD5EC46EABB}.Debug|x64.Build.0 = Debug|Any CPU
		{25D1A3E2-ADE8-456D-9D53-CAD5EC46EABB}.Debug|x86.ActiveCfg = Debug|Any CPU
		{25D1A3E2-ADE8-456D-9D53-CAD5EC46EABB}.Debug|x86.Build.0 = Debug|Any CPU
		{25D1A3E2-ADE8-456D-9D53-CAD5EC46EABB}.Release|Any CPU.ActiveCfg = Release|Any CPU
		{25D1A3E2-ADE8-456D-9D53-CAD5EC46EABB}.Release|Any CPU.Build.0 = Release|Any CPU
		{25D1A3E2-ADE8-456D-9D53-CAD5EC46EABB}.Release|x64.ActiveCfg = Release|Any CPU
		{25D1A3E2-ADE8-456D-9D53-CAD5EC46EABB}.Release|x64.Build.0 = Release|Any CPU
		{25D1A3E2-ADE8-456D-9D53-CAD5EC46EABB}.Release|x86.ActiveCfg = Release|Any CPU
		{25D1A3E2-ADE8-456D-9D53-CAD5EC46EABB}.Release|x86.Build.0 = Release|Any CPU
		{1E68517A-0AE8-4007-9AEE-2C8EE1D9B655}.Debug|Any CPU.ActiveCfg = Debug|Any CPU
		{1E68517A-0AE8-4007-9AEE-2C8EE1D9B655}.Debug|Any CPU.Build.0 = Debug|Any CPU
		{1E68517A-0AE8-4007-9AEE-2C8EE1D9B655}.Debug|x64.ActiveCfg = Debug|Any CPU
		{1E68517A-0AE8-4007-9AEE-2C8EE1D9B655}.Debug|x64.Build.0 = Debug|Any CPU
		{1E68517A-0AE8-4007-9AEE-2C8EE1D9B655}.Debug|x86.ActiveCfg = Debug|Any CPU
		{1E68517A-0AE8-4007-9AEE-2C8EE1D9B655}.Debug|x86.Build.0 = Debug|Any CPU
		{1E68517A-0AE8-4007-9AEE-2C8EE1D9B655}.Release|Any CPU.ActiveCfg = Release|Any CPU
		{1E68517A-0AE8-4007-9AEE-2C8EE1D9B655}.Release|Any CPU.Build.0 = Release|Any CPU
		{1E68517A-0AE8-4007-9AEE-2C8EE1D9B655}.Release|x64.ActiveCfg = Release|Any CPU
		{1E68517A-0AE8-4007-9AEE-2C8EE1D9B655}.Release|x64.Build.0 = Release|Any CPU
		{1E68517A-0AE8-4007-9AEE-2C8EE1D9B655}.Release|x86.ActiveCfg = Release|Any CPU
		{1E68517A-0AE8-4007-9AEE-2C8EE1D9B655}.Release|x86.Build.0 = Release|Any CPU
		{E18A5D4B-E49B-451B-858D-0D247AE4EB90}.Debug|Any CPU.ActiveCfg = Debug|Any CPU
		{E18A5D4B-E49B-451B-858D-0D247AE4EB90}.Debug|Any CPU.Build.0 = Debug|Any CPU
		{E18A5D4B-E49B-451B-858D-0D247AE4EB90}.Debug|x64.ActiveCfg = Debug|Any CPU
		{E18A5D4B-E49B-451B-858D-0D247AE4EB90}.Debug|x64.Build.0 = Debug|Any CPU
		{E18A5D4B-E49B-451B-858D-0D247AE4EB90}.Debug|x86.ActiveCfg = Debug|Any CPU
		{E18A5D4B-E49B-451B-858D-0D247AE4EB90}.Debug|x86.Build.0 = Debug|Any CPU
		{E18A5D4B-E49B-451B-858D-0D247AE4EB90}.Release|Any CPU.ActiveCfg = Release|Any CPU
		{E18A5D4B-E49B-451B-858D-0D247AE4EB90}.Release|Any CPU.Build.0 = Release|Any CPU
		{E18A5D4B-E49B-451B-858D-0D247AE4EB90}.Release|x64.ActiveCfg = Release|Any CPU
		{E18A5D4B-E49B-451B-858D-0D247AE4EB90}.Release|x64.Build.0 = Release|Any CPU
		{E18A5D4B-E49B-451B-858D-0D247AE4EB90}.Release|x86.ActiveCfg = Release|Any CPU
		{E18A5D4B-E49B-451B-858D-0D247AE4EB90}.Release|x86.Build.0 = Release|Any CPU
		{2AB0FBD2-6951-4176-8C50-A0AB4C97E9A2}.Debug|Any CPU.ActiveCfg = Debug|Any CPU
		{2AB0FBD2-6951-4176-8C50-A0AB4C97E9A2}.Debug|Any CPU.Build.0 = Debug|Any CPU
		{2AB0FBD2-6951-4176-8C50-A0AB4C97E9A2}.Debug|x64.ActiveCfg = Debug|Any CPU
		{2AB0FBD2-6951-4176-8C50-A0AB4C97E9A2}.Debug|x64.Build.0 = Debug|Any CPU
		{2AB0FBD2-6951-4176-8C50-A0AB4C97E9A2}.Debug|x86.ActiveCfg = Debug|Any CPU
		{2AB0FBD2-6951-4176-8C50-A0AB4C97E9A2}.Debug|x86.Build.0 = Debug|Any CPU
		{2AB0FBD2-6951-4176-8C50-A0AB4C97E9A2}.Release|Any CPU.ActiveCfg = Release|Any CPU
		{2AB0FBD2-6951-4176-8C50-A0AB4C97E9A2}.Release|Any CPU.Build.0 = Release|Any CPU
		{2AB0FBD2-6951-4176-8C50-A0AB4C97E9A2}.Release|x64.ActiveCfg = Release|Any CPU
		{2AB0FBD2-6951-4176-8C50-A0AB4C97E9A2}.Release|x64.Build.0 = Release|Any CPU
		{2AB0FBD2-6951-4176-8C50-A0AB4C97E9A2}.Release|x86.ActiveCfg = Release|Any CPU
		{2AB0FBD2-6951-4176-8C50-A0AB4C97E9A2}.Release|x86.Build.0 = Release|Any CPU
		{07A16262-B96C-438F-AF93-20D23011ACB0}.Debug|Any CPU.ActiveCfg = Debug|Any CPU
		{07A16262-B96C-438F-AF93-20D23011ACB0}.Debug|Any CPU.Build.0 = Debug|Any CPU
		{07A16262-B96C-438F-AF93-20D23011ACB0}.Debug|x64.ActiveCfg = Debug|Any CPU
		{07A16262-B96C-438F-AF93-20D23011ACB0}.Debug|x64.Build.0 = Debug|Any CPU
		{07A16262-B96C-438F-AF93-20D23011ACB0}.Debug|x86.ActiveCfg = Debug|Any CPU
		{07A16262-B96C-438F-AF93-20D23011ACB0}.Debug|x86.Build.0 = Debug|Any CPU
		{07A16262-B96C-438F-AF93-20D23011ACB0}.Release|Any CPU.ActiveCfg = Release|Any CPU
		{07A16262-B96C-438F-AF93-20D23011ACB0}.Release|Any CPU.Build.0 = Release|Any CPU
		{07A16262-B96C-438F-AF93-20D23011ACB0}.Release|x64.ActiveCfg = Release|Any CPU
		{07A16262-B96C-438F-AF93-20D23011ACB0}.Release|x64.Build.0 = Release|Any CPU
		{07A16262-B96C-438F-AF93-20D23011ACB0}.Release|x86.ActiveCfg = Release|Any CPU
		{07A16262-B96C-438F-AF93-20D23011ACB0}.Release|x86.Build.0 = Release|Any CPU
		{171EED0F-F05E-46C1-8FDE-5D8EAD5EFFCB}.Debug|Any CPU.ActiveCfg = Debug|Any CPU
		{171EED0F-F05E-46C1-8FDE-5D8EAD5EFFCB}.Debug|Any CPU.Build.0 = Debug|Any CPU
		{171EED0F-F05E-46C1-8FDE-5D8EAD5EFFCB}.Debug|x64.ActiveCfg = Debug|Any CPU
		{171EED0F-F05E-46C1-8FDE-5D8EAD5EFFCB}.Debug|x64.Build.0 = Debug|Any CPU
		{171EED0F-F05E-46C1-8FDE-5D8EAD5EFFCB}.Debug|x86.ActiveCfg = Debug|Any CPU
		{171EED0F-F05E-46C1-8FDE-5D8EAD5EFFCB}.Debug|x86.Build.0 = Debug|Any CPU
		{171EED0F-F05E-46C1-8FDE-5D8EAD5EFFCB}.Release|Any CPU.ActiveCfg = Release|Any CPU
		{171EED0F-F05E-46C1-8FDE-5D8EAD5EFFCB}.Release|Any CPU.Build.0 = Release|Any CPU
		{171EED0F-F05E-46C1-8FDE-5D8EAD5EFFCB}.Release|x64.ActiveCfg = Release|Any CPU
		{171EED0F-F05E-46C1-8FDE-5D8EAD5EFFCB}.Release|x64.Build.0 = Release|Any CPU
		{171EED0F-F05E-46C1-8FDE-5D8EAD5EFFCB}.Release|x86.ActiveCfg = Release|Any CPU
		{171EED0F-F05E-46C1-8FDE-5D8EAD5EFFCB}.Release|x86.Build.0 = Release|Any CPU
		{6A69C560-BB41-43D4-8D2B-D37E80387841}.Debug|Any CPU.ActiveCfg = Debug|Any CPU
		{6A69C560-BB41-43D4-8D2B-D37E80387841}.Debug|Any CPU.Build.0 = Debug|Any CPU
		{6A69C560-BB41-43D4-8D2B-D37E80387841}.Debug|x64.ActiveCfg = Debug|Any CPU
		{6A69C560-BB41-43D4-8D2B-D37E80387841}.Debug|x64.Build.0 = Debug|Any CPU
		{6A69C560-BB41-43D4-8D2B-D37E80387841}.Debug|x86.ActiveCfg = Debug|Any CPU
		{6A69C560-BB41-43D4-8D2B-D37E80387841}.Debug|x86.Build.0 = Debug|Any CPU
		{6A69C560-BB41-43D4-8D2B-D37E80387841}.Release|Any CPU.ActiveCfg = Release|Any CPU
		{6A69C560-BB41-43D4-8D2B-D37E80387841}.Release|Any CPU.Build.0 = Release|Any CPU
		{6A69C560-BB41-43D4-8D2B-D37E80387841}.Release|x64.ActiveCfg = Release|Any CPU
		{6A69C560-BB41-43D4-8D2B-D37E80387841}.Release|x64.Build.0 = Release|Any CPU
		{6A69C560-BB41-43D4-8D2B-D37E80387841}.Release|x86.ActiveCfg = Release|Any CPU
		{6A69C560-BB41-43D4-8D2B-D37E80387841}.Release|x86.Build.0 = Release|Any CPU
		{2522209C-4641-484F-B2F9-C1C53CD8B3FF}.Debug|Any CPU.ActiveCfg = Debug|Any CPU
		{2522209C-4641-484F-B2F9-C1C53CD8B3FF}.Debug|Any CPU.Build.0 = Debug|Any CPU
		{2522209C-4641-484F-B2F9-C1C53CD8B3FF}.Debug|x64.ActiveCfg = Debug|Any CPU
		{2522209C-4641-484F-B2F9-C1C53CD8B3FF}.Debug|x64.Build.0 = Debug|Any CPU
		{2522209C-4641-484F-B2F9-C1C53CD8B3FF}.Debug|x86.ActiveCfg = Debug|Any CPU
		{2522209C-4641-484F-B2F9-C1C53CD8B3FF}.Debug|x86.Build.0 = Debug|Any CPU
		{2522209C-4641-484F-B2F9-C1C53CD8B3FF}.Release|Any CPU.ActiveCfg = Release|Any CPU
		{2522209C-4641-484F-B2F9-C1C53CD8B3FF}.Release|Any CPU.Build.0 = Release|Any CPU
		{2522209C-4641-484F-B2F9-C1C53CD8B3FF}.Release|x64.ActiveCfg = Release|Any CPU
		{2522209C-4641-484F-B2F9-C1C53CD8B3FF}.Release|x64.Build.0 = Release|Any CPU
		{2522209C-4641-484F-B2F9-C1C53CD8B3FF}.Release|x86.ActiveCfg = Release|Any CPU
		{2522209C-4641-484F-B2F9-C1C53CD8B3FF}.Release|x86.Build.0 = Release|Any CPU
		{E53E6354-9C24-4A64-A9F8-5CBF35F3D1BD}.Debug|Any CPU.ActiveCfg = Debug|Any CPU
		{E53E6354-9C24-4A64-A9F8-5CBF35F3D1BD}.Debug|Any CPU.Build.0 = Debug|Any CPU
		{E53E6354-9C24-4A64-A9F8-5CBF35F3D1BD}.Debug|x64.ActiveCfg = Debug|Any CPU
		{E53E6354-9C24-4A64-A9F8-5CBF35F3D1BD}.Debug|x64.Build.0 = Debug|Any CPU
		{E53E6354-9C24-4A64-A9F8-5CBF35F3D1BD}.Debug|x86.ActiveCfg = Debug|Any CPU
		{E53E6354-9C24-4A64-A9F8-5CBF35F3D1BD}.Debug|x86.Build.0 = Debug|Any CPU
		{E53E6354-9C24-4A64-A9F8-5CBF35F3D1BD}.Release|Any CPU.ActiveCfg = Release|Any CPU
		{E53E6354-9C24-4A64-A9F8-5CBF35F3D1BD}.Release|Any CPU.Build.0 = Release|Any CPU
		{E53E6354-9C24-4A64-A9F8-5CBF35F3D1BD}.Release|x64.ActiveCfg = Release|Any CPU
		{E53E6354-9C24-4A64-A9F8-5CBF35F3D1BD}.Release|x64.Build.0 = Release|Any CPU
		{E53E6354-9C24-4A64-A9F8-5CBF35F3D1BD}.Release|x86.ActiveCfg = Release|Any CPU
		{E53E6354-9C24-4A64-A9F8-5CBF35F3D1BD}.Release|x86.Build.0 = Release|Any CPU
		{D8CA50BB-41B9-4BA5-841E-5CA556547BA7}.Debug|Any CPU.ActiveCfg = Debug|Any CPU
		{D8CA50BB-41B9-4BA5-841E-5CA556547BA7}.Debug|Any CPU.Build.0 = Debug|Any CPU
		{D8CA50BB-41B9-4BA5-841E-5CA556547BA7}.Debug|x64.ActiveCfg = Debug|Any CPU
		{D8CA50BB-41B9-4BA5-841E-5CA556547BA7}.Debug|x64.Build.0 = Debug|Any CPU
		{D8CA50BB-41B9-4BA5-841E-5CA556547BA7}.Debug|x86.ActiveCfg = Debug|Any CPU
		{D8CA50BB-41B9-4BA5-841E-5CA556547BA7}.Debug|x86.Build.0 = Debug|Any CPU
		{D8CA50BB-41B9-4BA5-841E-5CA556547BA7}.Release|Any CPU.ActiveCfg = Release|Any CPU
		{D8CA50BB-41B9-4BA5-841E-5CA556547BA7}.Release|Any CPU.Build.0 = Release|Any CPU
		{D8CA50BB-41B9-4BA5-841E-5CA556547BA7}.Release|x64.ActiveCfg = Release|Any CPU
		{D8CA50BB-41B9-4BA5-841E-5CA556547BA7}.Release|x64.Build.0 = Release|Any CPU
		{D8CA50BB-41B9-4BA5-841E-5CA556547BA7}.Release|x86.ActiveCfg = Release|Any CPU
		{D8CA50BB-41B9-4BA5-841E-5CA556547BA7}.Release|x86.Build.0 = Release|Any CPU
		{ECA6F5CB-FCE5-4DF6-ABC2-07EB180E66A8}.Debug|Any CPU.ActiveCfg = Debug|Any CPU
		{ECA6F5CB-FCE5-4DF6-ABC2-07EB180E66A8}.Debug|Any CPU.Build.0 = Debug|Any CPU
		{ECA6F5CB-FCE5-4DF6-ABC2-07EB180E66A8}.Debug|x64.ActiveCfg = Debug|Any CPU
		{ECA6F5CB-FCE5-4DF6-ABC2-07EB180E66A8}.Debug|x64.Build.0 = Debug|Any CPU
		{ECA6F5CB-FCE5-4DF6-ABC2-07EB180E66A8}.Debug|x86.ActiveCfg = Debug|Any CPU
		{ECA6F5CB-FCE5-4DF6-ABC2-07EB180E66A8}.Debug|x86.Build.0 = Debug|Any CPU
		{ECA6F5CB-FCE5-4DF6-ABC2-07EB180E66A8}.Release|Any CPU.ActiveCfg = Release|Any CPU
		{ECA6F5CB-FCE5-4DF6-ABC2-07EB180E66A8}.Release|Any CPU.Build.0 = Release|Any CPU
		{ECA6F5CB-FCE5-4DF6-ABC2-07EB180E66A8}.Release|x64.ActiveCfg = Release|Any CPU
		{ECA6F5CB-FCE5-4DF6-ABC2-07EB180E66A8}.Release|x64.Build.0 = Release|Any CPU
		{ECA6F5CB-FCE5-4DF6-ABC2-07EB180E66A8}.Release|x86.ActiveCfg = Release|Any CPU
		{ECA6F5CB-FCE5-4DF6-ABC2-07EB180E66A8}.Release|x86.Build.0 = Release|Any CPU
		{AC347876-A7AE-43E4-8985-0278668A0355}.Debug|Any CPU.ActiveCfg = Debug|Any CPU
		{AC347876-A7AE-43E4-8985-0278668A0355}.Debug|Any CPU.Build.0 = Debug|Any CPU
		{AC347876-A7AE-43E4-8985-0278668A0355}.Debug|x64.ActiveCfg = Debug|Any CPU
		{AC347876-A7AE-43E4-8985-0278668A0355}.Debug|x64.Build.0 = Debug|Any CPU
		{AC347876-A7AE-43E4-8985-0278668A0355}.Debug|x86.ActiveCfg = Debug|Any CPU
		{AC347876-A7AE-43E4-8985-0278668A0355}.Debug|x86.Build.0 = Debug|Any CPU
		{AC347876-A7AE-43E4-8985-0278668A0355}.Release|Any CPU.ActiveCfg = Release|Any CPU
		{AC347876-A7AE-43E4-8985-0278668A0355}.Release|Any CPU.Build.0 = Release|Any CPU
		{AC347876-A7AE-43E4-8985-0278668A0355}.Release|x64.ActiveCfg = Release|Any CPU
		{AC347876-A7AE-43E4-8985-0278668A0355}.Release|x64.Build.0 = Release|Any CPU
		{AC347876-A7AE-43E4-8985-0278668A0355}.Release|x86.ActiveCfg = Release|Any CPU
		{AC347876-A7AE-43E4-8985-0278668A0355}.Release|x86.Build.0 = Release|Any CPU
		{A1ED25FE-8CC6-40C4-86B8-2EDE5C4FBBA1}.Debug|Any CPU.ActiveCfg = Debug|Any CPU
		{A1ED25FE-8CC6-40C4-86B8-2EDE5C4FBBA1}.Debug|Any CPU.Build.0 = Debug|Any CPU
		{A1ED25FE-8CC6-40C4-86B8-2EDE5C4FBBA1}.Debug|x64.ActiveCfg = Debug|Any CPU
		{A1ED25FE-8CC6-40C4-86B8-2EDE5C4FBBA1}.Debug|x64.Build.0 = Debug|Any CPU
		{A1ED25FE-8CC6-40C4-86B8-2EDE5C4FBBA1}.Debug|x86.ActiveCfg = Debug|Any CPU
		{A1ED25FE-8CC6-40C4-86B8-2EDE5C4FBBA1}.Debug|x86.Build.0 = Debug|Any CPU
		{A1ED25FE-8CC6-40C4-86B8-2EDE5C4FBBA1}.Release|Any CPU.ActiveCfg = Release|Any CPU
		{A1ED25FE-8CC6-40C4-86B8-2EDE5C4FBBA1}.Release|Any CPU.Build.0 = Release|Any CPU
		{A1ED25FE-8CC6-40C4-86B8-2EDE5C4FBBA1}.Release|x64.ActiveCfg = Release|Any CPU
		{A1ED25FE-8CC6-40C4-86B8-2EDE5C4FBBA1}.Release|x64.Build.0 = Release|Any CPU
		{A1ED25FE-8CC6-40C4-86B8-2EDE5C4FBBA1}.Release|x86.ActiveCfg = Release|Any CPU
		{A1ED25FE-8CC6-40C4-86B8-2EDE5C4FBBA1}.Release|x86.Build.0 = Release|Any CPU
		{248B2089-3CE0-4DEF-AFC0-DBA48E4517ED}.Debug|Any CPU.ActiveCfg = Debug|Any CPU
		{248B2089-3CE0-4DEF-AFC0-DBA48E4517ED}.Debug|Any CPU.Build.0 = Debug|Any CPU
		{248B2089-3CE0-4DEF-AFC0-DBA48E4517ED}.Debug|x64.ActiveCfg = Debug|Any CPU
		{248B2089-3CE0-4DEF-AFC0-DBA48E4517ED}.Debug|x64.Build.0 = Debug|Any CPU
		{248B2089-3CE0-4DEF-AFC0-DBA48E4517ED}.Debug|x86.ActiveCfg = Debug|Any CPU
		{248B2089-3CE0-4DEF-AFC0-DBA48E4517ED}.Debug|x86.Build.0 = Debug|Any CPU
		{248B2089-3CE0-4DEF-AFC0-DBA48E4517ED}.Release|Any CPU.ActiveCfg = Release|Any CPU
		{248B2089-3CE0-4DEF-AFC0-DBA48E4517ED}.Release|Any CPU.Build.0 = Release|Any CPU
		{248B2089-3CE0-4DEF-AFC0-DBA48E4517ED}.Release|x64.ActiveCfg = Release|Any CPU
		{248B2089-3CE0-4DEF-AFC0-DBA48E4517ED}.Release|x64.Build.0 = Release|Any CPU
		{248B2089-3CE0-4DEF-AFC0-DBA48E4517ED}.Release|x86.ActiveCfg = Release|Any CPU
		{248B2089-3CE0-4DEF-AFC0-DBA48E4517ED}.Release|x86.Build.0 = Release|Any CPU
		{A30A1688-49DD-4862-AE55-73EC9B83BE3B}.Debug|Any CPU.ActiveCfg = Debug|Any CPU
		{A30A1688-49DD-4862-AE55-73EC9B83BE3B}.Debug|Any CPU.Build.0 = Debug|Any CPU
		{A30A1688-49DD-4862-AE55-73EC9B83BE3B}.Debug|x64.ActiveCfg = Debug|Any CPU
		{A30A1688-49DD-4862-AE55-73EC9B83BE3B}.Debug|x64.Build.0 = Debug|Any CPU
		{A30A1688-49DD-4862-AE55-73EC9B83BE3B}.Debug|x86.ActiveCfg = Debug|Any CPU
		{A30A1688-49DD-4862-AE55-73EC9B83BE3B}.Debug|x86.Build.0 = Debug|Any CPU
		{A30A1688-49DD-4862-AE55-73EC9B83BE3B}.Release|Any CPU.ActiveCfg = Release|Any CPU
		{A30A1688-49DD-4862-AE55-73EC9B83BE3B}.Release|Any CPU.Build.0 = Release|Any CPU
		{A30A1688-49DD-4862-AE55-73EC9B83BE3B}.Release|x64.ActiveCfg = Release|Any CPU
		{A30A1688-49DD-4862-AE55-73EC9B83BE3B}.Release|x64.Build.0 = Release|Any CPU
		{A30A1688-49DD-4862-AE55-73EC9B83BE3B}.Release|x86.ActiveCfg = Release|Any CPU
		{A30A1688-49DD-4862-AE55-73EC9B83BE3B}.Release|x86.Build.0 = Release|Any CPU
		{92180B5E-FA62-4F71-8FF2-0171B7FBA639}.Debug|Any CPU.ActiveCfg = Debug|Any CPU
		{92180B5E-FA62-4F71-8FF2-0171B7FBA639}.Debug|Any CPU.Build.0 = Debug|Any CPU
		{92180B5E-FA62-4F71-8FF2-0171B7FBA639}.Debug|x64.ActiveCfg = Debug|Any CPU
		{92180B5E-FA62-4F71-8FF2-0171B7FBA639}.Debug|x64.Build.0 = Debug|Any CPU
		{92180B5E-FA62-4F71-8FF2-0171B7FBA639}.Debug|x86.ActiveCfg = Debug|Any CPU
		{92180B5E-FA62-4F71-8FF2-0171B7FBA639}.Debug|x86.Build.0 = Debug|Any CPU
		{92180B5E-FA62-4F71-8FF2-0171B7FBA639}.Release|Any CPU.ActiveCfg = Release|Any CPU
		{92180B5E-FA62-4F71-8FF2-0171B7FBA639}.Release|Any CPU.Build.0 = Release|Any CPU
		{92180B5E-FA62-4F71-8FF2-0171B7FBA639}.Release|x64.ActiveCfg = Release|Any CPU
		{92180B5E-FA62-4F71-8FF2-0171B7FBA639}.Release|x64.Build.0 = Release|Any CPU
		{92180B5E-FA62-4F71-8FF2-0171B7FBA639}.Release|x86.ActiveCfg = Release|Any CPU
		{92180B5E-FA62-4F71-8FF2-0171B7FBA639}.Release|x86.Build.0 = Release|Any CPU
		{D78D3E10-8571-489E-BFB3-84554E9F6D78}.Debug|Any CPU.ActiveCfg = Debug|Any CPU
		{D78D3E10-8571-489E-BFB3-84554E9F6D78}.Debug|Any CPU.Build.0 = Debug|Any CPU
		{D78D3E10-8571-489E-BFB3-84554E9F6D78}.Debug|x64.ActiveCfg = Debug|Any CPU
		{D78D3E10-8571-489E-BFB3-84554E9F6D78}.Debug|x64.Build.0 = Debug|Any CPU
		{D78D3E10-8571-489E-BFB3-84554E9F6D78}.Debug|x86.ActiveCfg = Debug|Any CPU
		{D78D3E10-8571-489E-BFB3-84554E9F6D78}.Debug|x86.Build.0 = Debug|Any CPU
		{D78D3E10-8571-489E-BFB3-84554E9F6D78}.Release|Any CPU.ActiveCfg = Release|Any CPU
		{D78D3E10-8571-489E-BFB3-84554E9F6D78}.Release|Any CPU.Build.0 = Release|Any CPU
		{D78D3E10-8571-489E-BFB3-84554E9F6D78}.Release|x64.ActiveCfg = Release|Any CPU
		{D78D3E10-8571-489E-BFB3-84554E9F6D78}.Release|x64.Build.0 = Release|Any CPU
		{D78D3E10-8571-489E-BFB3-84554E9F6D78}.Release|x86.ActiveCfg = Release|Any CPU
		{D78D3E10-8571-489E-BFB3-84554E9F6D78}.Release|x86.Build.0 = Release|Any CPU
		{EB6473E1-52CD-4F57-8846-7599DA866CB0}.Debug|Any CPU.ActiveCfg = Debug|Any CPU
		{EB6473E1-52CD-4F57-8846-7599DA866CB0}.Debug|Any CPU.Build.0 = Debug|Any CPU
		{EB6473E1-52CD-4F57-8846-7599DA866CB0}.Debug|x64.ActiveCfg = Debug|Any CPU
		{EB6473E1-52CD-4F57-8846-7599DA866CB0}.Debug|x64.Build.0 = Debug|Any CPU
		{EB6473E1-52CD-4F57-8846-7599DA866CB0}.Debug|x86.ActiveCfg = Debug|Any CPU
		{EB6473E1-52CD-4F57-8846-7599DA866CB0}.Debug|x86.Build.0 = Debug|Any CPU
		{EB6473E1-52CD-4F57-8846-7599DA866CB0}.Release|Any CPU.ActiveCfg = Release|Any CPU
		{EB6473E1-52CD-4F57-8846-7599DA866CB0}.Release|Any CPU.Build.0 = Release|Any CPU
		{EB6473E1-52CD-4F57-8846-7599DA866CB0}.Release|x64.ActiveCfg = Release|Any CPU
		{EB6473E1-52CD-4F57-8846-7599DA866CB0}.Release|x64.Build.0 = Release|Any CPU
		{EB6473E1-52CD-4F57-8846-7599DA866CB0}.Release|x86.ActiveCfg = Release|Any CPU
		{EB6473E1-52CD-4F57-8846-7599DA866CB0}.Release|x86.Build.0 = Release|Any CPU
		{D030A639-5541-43F3-94DD-2EC1585B9947}.Debug|Any CPU.ActiveCfg = Debug|Any CPU
		{D030A639-5541-43F3-94DD-2EC1585B9947}.Debug|Any CPU.Build.0 = Debug|Any CPU
		{D030A639-5541-43F3-94DD-2EC1585B9947}.Debug|x64.ActiveCfg = Debug|Any CPU
		{D030A639-5541-43F3-94DD-2EC1585B9947}.Debug|x64.Build.0 = Debug|Any CPU
		{D030A639-5541-43F3-94DD-2EC1585B9947}.Debug|x86.ActiveCfg = Debug|Any CPU
		{D030A639-5541-43F3-94DD-2EC1585B9947}.Debug|x86.Build.0 = Debug|Any CPU
		{D030A639-5541-43F3-94DD-2EC1585B9947}.Release|Any CPU.ActiveCfg = Release|Any CPU
		{D030A639-5541-43F3-94DD-2EC1585B9947}.Release|Any CPU.Build.0 = Release|Any CPU
		{D030A639-5541-43F3-94DD-2EC1585B9947}.Release|x64.ActiveCfg = Release|Any CPU
		{D030A639-5541-43F3-94DD-2EC1585B9947}.Release|x64.Build.0 = Release|Any CPU
		{D030A639-5541-43F3-94DD-2EC1585B9947}.Release|x86.ActiveCfg = Release|Any CPU
		{D030A639-5541-43F3-94DD-2EC1585B9947}.Release|x86.Build.0 = Release|Any CPU
		{A15292E0-55A1-4E7F-A446-BE75DFBCAC9C}.Debug|Any CPU.ActiveCfg = Debug|Any CPU
		{A15292E0-55A1-4E7F-A446-BE75DFBCAC9C}.Debug|Any CPU.Build.0 = Debug|Any CPU
		{A15292E0-55A1-4E7F-A446-BE75DFBCAC9C}.Debug|x64.ActiveCfg = Debug|Any CPU
		{A15292E0-55A1-4E7F-A446-BE75DFBCAC9C}.Debug|x64.Build.0 = Debug|Any CPU
		{A15292E0-55A1-4E7F-A446-BE75DFBCAC9C}.Debug|x86.ActiveCfg = Debug|Any CPU
		{A15292E0-55A1-4E7F-A446-BE75DFBCAC9C}.Debug|x86.Build.0 = Debug|Any CPU
		{A15292E0-55A1-4E7F-A446-BE75DFBCAC9C}.Release|Any CPU.ActiveCfg = Release|Any CPU
		{A15292E0-55A1-4E7F-A446-BE75DFBCAC9C}.Release|Any CPU.Build.0 = Release|Any CPU
		{A15292E0-55A1-4E7F-A446-BE75DFBCAC9C}.Release|x64.ActiveCfg = Release|Any CPU
		{A15292E0-55A1-4E7F-A446-BE75DFBCAC9C}.Release|x64.Build.0 = Release|Any CPU
		{A15292E0-55A1-4E7F-A446-BE75DFBCAC9C}.Release|x86.ActiveCfg = Release|Any CPU
		{A15292E0-55A1-4E7F-A446-BE75DFBCAC9C}.Release|x86.Build.0 = Release|Any CPU
		{1FF5AED8-534D-4AEA-8617-6D804C64E883}.Debug|Any CPU.ActiveCfg = Debug|Any CPU
		{1FF5AED8-534D-4AEA-8617-6D804C64E883}.Debug|Any CPU.Build.0 = Debug|Any CPU
		{1FF5AED8-534D-4AEA-8617-6D804C64E883}.Debug|x64.ActiveCfg = Debug|Any CPU
		{1FF5AED8-534D-4AEA-8617-6D804C64E883}.Debug|x64.Build.0 = Debug|Any CPU
		{1FF5AED8-534D-4AEA-8617-6D804C64E883}.Debug|x86.ActiveCfg = Debug|Any CPU
		{1FF5AED8-534D-4AEA-8617-6D804C64E883}.Debug|x86.Build.0 = Debug|Any CPU
		{1FF5AED8-534D-4AEA-8617-6D804C64E883}.Release|Any CPU.ActiveCfg = Release|Any CPU
		{1FF5AED8-534D-4AEA-8617-6D804C64E883}.Release|Any CPU.Build.0 = Release|Any CPU
		{1FF5AED8-534D-4AEA-8617-6D804C64E883}.Release|x64.ActiveCfg = Release|Any CPU
		{1FF5AED8-534D-4AEA-8617-6D804C64E883}.Release|x64.Build.0 = Release|Any CPU
		{1FF5AED8-534D-4AEA-8617-6D804C64E883}.Release|x86.ActiveCfg = Release|Any CPU
		{1FF5AED8-534D-4AEA-8617-6D804C64E883}.Release|x86.Build.0 = Release|Any CPU
		{AEB4A4E5-C6BB-47DF-92F0-877B02A3D7EE}.Debug|Any CPU.ActiveCfg = Debug|Any CPU
		{AEB4A4E5-C6BB-47DF-92F0-877B02A3D7EE}.Debug|Any CPU.Build.0 = Debug|Any CPU
		{AEB4A4E5-C6BB-47DF-92F0-877B02A3D7EE}.Debug|x64.ActiveCfg = Debug|Any CPU
		{AEB4A4E5-C6BB-47DF-92F0-877B02A3D7EE}.Debug|x64.Build.0 = Debug|Any CPU
		{AEB4A4E5-C6BB-47DF-92F0-877B02A3D7EE}.Debug|x86.ActiveCfg = Debug|Any CPU
		{AEB4A4E5-C6BB-47DF-92F0-877B02A3D7EE}.Debug|x86.Build.0 = Debug|Any CPU
		{AEB4A4E5-C6BB-47DF-92F0-877B02A3D7EE}.Release|Any CPU.ActiveCfg = Release|Any CPU
		{AEB4A4E5-C6BB-47DF-92F0-877B02A3D7EE}.Release|Any CPU.Build.0 = Release|Any CPU
		{AEB4A4E5-C6BB-47DF-92F0-877B02A3D7EE}.Release|x64.ActiveCfg = Release|Any CPU
		{AEB4A4E5-C6BB-47DF-92F0-877B02A3D7EE}.Release|x64.Build.0 = Release|Any CPU
		{AEB4A4E5-C6BB-47DF-92F0-877B02A3D7EE}.Release|x86.ActiveCfg = Release|Any CPU
		{AEB4A4E5-C6BB-47DF-92F0-877B02A3D7EE}.Release|x86.Build.0 = Release|Any CPU
		{F3E8C652-D1B1-44E9-BEC1-FD751F6F8F3E}.Debug|Any CPU.ActiveCfg = Debug|Any CPU
		{F3E8C652-D1B1-44E9-BEC1-FD751F6F8F3E}.Debug|Any CPU.Build.0 = Debug|Any CPU
		{F3E8C652-D1B1-44E9-BEC1-FD751F6F8F3E}.Debug|x64.ActiveCfg = Debug|Any CPU
		{F3E8C652-D1B1-44E9-BEC1-FD751F6F8F3E}.Debug|x64.Build.0 = Debug|Any CPU
		{F3E8C652-D1B1-44E9-BEC1-FD751F6F8F3E}.Debug|x86.ActiveCfg = Debug|Any CPU
		{F3E8C652-D1B1-44E9-BEC1-FD751F6F8F3E}.Debug|x86.Build.0 = Debug|Any CPU
		{F3E8C652-D1B1-44E9-BEC1-FD751F6F8F3E}.Release|Any CPU.ActiveCfg = Release|Any CPU
		{F3E8C652-D1B1-44E9-BEC1-FD751F6F8F3E}.Release|Any CPU.Build.0 = Release|Any CPU
		{F3E8C652-D1B1-44E9-BEC1-FD751F6F8F3E}.Release|x64.ActiveCfg = Release|Any CPU
		{F3E8C652-D1B1-44E9-BEC1-FD751F6F8F3E}.Release|x64.Build.0 = Release|Any CPU
		{F3E8C652-D1B1-44E9-BEC1-FD751F6F8F3E}.Release|x86.ActiveCfg = Release|Any CPU
		{F3E8C652-D1B1-44E9-BEC1-FD751F6F8F3E}.Release|x86.Build.0 = Release|Any CPU
		{56278FE0-7CAF-4185-9757-BD2D51F3EFF9}.Debug|Any CPU.ActiveCfg = Debug|Any CPU
		{56278FE0-7CAF-4185-9757-BD2D51F3EFF9}.Debug|Any CPU.Build.0 = Debug|Any CPU
		{56278FE0-7CAF-4185-9757-BD2D51F3EFF9}.Debug|x64.ActiveCfg = Debug|Any CPU
		{56278FE0-7CAF-4185-9757-BD2D51F3EFF9}.Debug|x64.Build.0 = Debug|Any CPU
		{56278FE0-7CAF-4185-9757-BD2D51F3EFF9}.Debug|x86.ActiveCfg = Debug|Any CPU
		{56278FE0-7CAF-4185-9757-BD2D51F3EFF9}.Debug|x86.Build.0 = Debug|Any CPU
		{56278FE0-7CAF-4185-9757-BD2D51F3EFF9}.Release|Any CPU.ActiveCfg = Release|Any CPU
		{56278FE0-7CAF-4185-9757-BD2D51F3EFF9}.Release|Any CPU.Build.0 = Release|Any CPU
		{56278FE0-7CAF-4185-9757-BD2D51F3EFF9}.Release|x64.ActiveCfg = Release|Any CPU
		{56278FE0-7CAF-4185-9757-BD2D51F3EFF9}.Release|x64.Build.0 = Release|Any CPU
		{56278FE0-7CAF-4185-9757-BD2D51F3EFF9}.Release|x86.ActiveCfg = Release|Any CPU
		{56278FE0-7CAF-4185-9757-BD2D51F3EFF9}.Release|x86.Build.0 = Release|Any CPU
		{74F8AE4F-1120-4CF2-922A-EBDA31C467ED}.Debug|Any CPU.ActiveCfg = Debug|Any CPU
		{74F8AE4F-1120-4CF2-922A-EBDA31C467ED}.Debug|Any CPU.Build.0 = Debug|Any CPU
		{74F8AE4F-1120-4CF2-922A-EBDA31C467ED}.Debug|x64.ActiveCfg = Debug|Any CPU
		{74F8AE4F-1120-4CF2-922A-EBDA31C467ED}.Debug|x64.Build.0 = Debug|Any CPU
		{74F8AE4F-1120-4CF2-922A-EBDA31C467ED}.Debug|x86.ActiveCfg = Debug|Any CPU
		{74F8AE4F-1120-4CF2-922A-EBDA31C467ED}.Debug|x86.Build.0 = Debug|Any CPU
		{74F8AE4F-1120-4CF2-922A-EBDA31C467ED}.Release|Any CPU.ActiveCfg = Release|Any CPU
		{74F8AE4F-1120-4CF2-922A-EBDA31C467ED}.Release|Any CPU.Build.0 = Release|Any CPU
		{74F8AE4F-1120-4CF2-922A-EBDA31C467ED}.Release|x64.ActiveCfg = Release|Any CPU
		{74F8AE4F-1120-4CF2-922A-EBDA31C467ED}.Release|x64.Build.0 = Release|Any CPU
		{74F8AE4F-1120-4CF2-922A-EBDA31C467ED}.Release|x86.ActiveCfg = Release|Any CPU
		{74F8AE4F-1120-4CF2-922A-EBDA31C467ED}.Release|x86.Build.0 = Release|Any CPU
		{C39AE625-3F37-4C52-9F4E-8AA3FFAB4C3D}.Debug|Any CPU.ActiveCfg = Debug|Any CPU
		{C39AE625-3F37-4C52-9F4E-8AA3FFAB4C3D}.Debug|Any CPU.Build.0 = Debug|Any CPU
		{C39AE625-3F37-4C52-9F4E-8AA3FFAB4C3D}.Debug|x64.ActiveCfg = Debug|Any CPU
		{C39AE625-3F37-4C52-9F4E-8AA3FFAB4C3D}.Debug|x64.Build.0 = Debug|Any CPU
		{C39AE625-3F37-4C52-9F4E-8AA3FFAB4C3D}.Debug|x86.ActiveCfg = Debug|Any CPU
		{C39AE625-3F37-4C52-9F4E-8AA3FFAB4C3D}.Debug|x86.Build.0 = Debug|Any CPU
		{C39AE625-3F37-4C52-9F4E-8AA3FFAB4C3D}.Release|Any CPU.ActiveCfg = Release|Any CPU
		{C39AE625-3F37-4C52-9F4E-8AA3FFAB4C3D}.Release|Any CPU.Build.0 = Release|Any CPU
		{C39AE625-3F37-4C52-9F4E-8AA3FFAB4C3D}.Release|x64.ActiveCfg = Release|Any CPU
		{C39AE625-3F37-4C52-9F4E-8AA3FFAB4C3D}.Release|x64.Build.0 = Release|Any CPU
		{C39AE625-3F37-4C52-9F4E-8AA3FFAB4C3D}.Release|x86.ActiveCfg = Release|Any CPU
		{C39AE625-3F37-4C52-9F4E-8AA3FFAB4C3D}.Release|x86.Build.0 = Release|Any CPU
		{284BA05B-8547-436F-9E5B-E5A69226D82D}.Debug|Any CPU.ActiveCfg = Debug|Any CPU
		{284BA05B-8547-436F-9E5B-E5A69226D82D}.Debug|Any CPU.Build.0 = Debug|Any CPU
		{284BA05B-8547-436F-9E5B-E5A69226D82D}.Debug|x64.ActiveCfg = Debug|Any CPU
		{284BA05B-8547-436F-9E5B-E5A69226D82D}.Debug|x64.Build.0 = Debug|Any CPU
		{284BA05B-8547-436F-9E5B-E5A69226D82D}.Debug|x86.ActiveCfg = Debug|Any CPU
		{284BA05B-8547-436F-9E5B-E5A69226D82D}.Debug|x86.Build.0 = Debug|Any CPU
		{284BA05B-8547-436F-9E5B-E5A69226D82D}.Release|Any CPU.ActiveCfg = Release|Any CPU
		{284BA05B-8547-436F-9E5B-E5A69226D82D}.Release|Any CPU.Build.0 = Release|Any CPU
		{284BA05B-8547-436F-9E5B-E5A69226D82D}.Release|x64.ActiveCfg = Release|Any CPU
		{284BA05B-8547-436F-9E5B-E5A69226D82D}.Release|x64.Build.0 = Release|Any CPU
		{284BA05B-8547-436F-9E5B-E5A69226D82D}.Release|x86.ActiveCfg = Release|Any CPU
		{284BA05B-8547-436F-9E5B-E5A69226D82D}.Release|x86.Build.0 = Release|Any CPU
		{8BFEEF25-B6FB-4157-BD12-67F262E2FD2C}.Debug|Any CPU.ActiveCfg = Debug|Any CPU
		{8BFEEF25-B6FB-4157-BD12-67F262E2FD2C}.Debug|Any CPU.Build.0 = Debug|Any CPU
		{8BFEEF25-B6FB-4157-BD12-67F262E2FD2C}.Debug|x64.ActiveCfg = Debug|Any CPU
		{8BFEEF25-B6FB-4157-BD12-67F262E2FD2C}.Debug|x64.Build.0 = Debug|Any CPU
		{8BFEEF25-B6FB-4157-BD12-67F262E2FD2C}.Debug|x86.ActiveCfg = Debug|Any CPU
		{8BFEEF25-B6FB-4157-BD12-67F262E2FD2C}.Debug|x86.Build.0 = Debug|Any CPU
		{8BFEEF25-B6FB-4157-BD12-67F262E2FD2C}.Release|Any CPU.ActiveCfg = Release|Any CPU
		{8BFEEF25-B6FB-4157-BD12-67F262E2FD2C}.Release|Any CPU.Build.0 = Release|Any CPU
		{8BFEEF25-B6FB-4157-BD12-67F262E2FD2C}.Release|x64.ActiveCfg = Release|Any CPU
		{8BFEEF25-B6FB-4157-BD12-67F262E2FD2C}.Release|x64.Build.0 = Release|Any CPU
		{8BFEEF25-B6FB-4157-BD12-67F262E2FD2C}.Release|x86.ActiveCfg = Release|Any CPU
		{8BFEEF25-B6FB-4157-BD12-67F262E2FD2C}.Release|x86.Build.0 = Release|Any CPU
		{4454AC8D-F6F2-4647-A316-D44DCE2E7048}.Debug|Any CPU.ActiveCfg = Debug|Any CPU
		{4454AC8D-F6F2-4647-A316-D44DCE2E7048}.Debug|Any CPU.Build.0 = Debug|Any CPU
		{4454AC8D-F6F2-4647-A316-D44DCE2E7048}.Debug|x64.ActiveCfg = Debug|Any CPU
		{4454AC8D-F6F2-4647-A316-D44DCE2E7048}.Debug|x64.Build.0 = Debug|Any CPU
		{4454AC8D-F6F2-4647-A316-D44DCE2E7048}.Debug|x86.ActiveCfg = Debug|Any CPU
		{4454AC8D-F6F2-4647-A316-D44DCE2E7048}.Debug|x86.Build.0 = Debug|Any CPU
		{4454AC8D-F6F2-4647-A316-D44DCE2E7048}.Release|Any CPU.ActiveCfg = Release|Any CPU
		{4454AC8D-F6F2-4647-A316-D44DCE2E7048}.Release|Any CPU.Build.0 = Release|Any CPU
		{4454AC8D-F6F2-4647-A316-D44DCE2E7048}.Release|x64.ActiveCfg = Release|Any CPU
		{4454AC8D-F6F2-4647-A316-D44DCE2E7048}.Release|x64.Build.0 = Release|Any CPU
		{4454AC8D-F6F2-4647-A316-D44DCE2E7048}.Release|x86.ActiveCfg = Release|Any CPU
		{4454AC8D-F6F2-4647-A316-D44DCE2E7048}.Release|x86.Build.0 = Release|Any CPU
		{0873AA9E-C74B-4C72-AA3A-99B4625FA792}.Debug|Any CPU.ActiveCfg = Debug|Any CPU
		{0873AA9E-C74B-4C72-AA3A-99B4625FA792}.Debug|Any CPU.Build.0 = Debug|Any CPU
		{0873AA9E-C74B-4C72-AA3A-99B4625FA792}.Debug|x64.ActiveCfg = Debug|Any CPU
		{0873AA9E-C74B-4C72-AA3A-99B4625FA792}.Debug|x64.Build.0 = Debug|Any CPU
		{0873AA9E-C74B-4C72-AA3A-99B4625FA792}.Debug|x86.ActiveCfg = Debug|Any CPU
		{0873AA9E-C74B-4C72-AA3A-99B4625FA792}.Debug|x86.Build.0 = Debug|Any CPU
		{0873AA9E-C74B-4C72-AA3A-99B4625FA792}.Release|Any CPU.ActiveCfg = Release|Any CPU
		{0873AA9E-C74B-4C72-AA3A-99B4625FA792}.Release|Any CPU.Build.0 = Release|Any CPU
		{0873AA9E-C74B-4C72-AA3A-99B4625FA792}.Release|x64.ActiveCfg = Release|Any CPU
		{0873AA9E-C74B-4C72-AA3A-99B4625FA792}.Release|x64.Build.0 = Release|Any CPU
		{0873AA9E-C74B-4C72-AA3A-99B4625FA792}.Release|x86.ActiveCfg = Release|Any CPU
		{0873AA9E-C74B-4C72-AA3A-99B4625FA792}.Release|x86.Build.0 = Release|Any CPU
		{B5BD5584-A4B9-47E5-8D77-37DE106241F7}.Debug|Any CPU.ActiveCfg = Debug|Any CPU
		{B5BD5584-A4B9-47E5-8D77-37DE106241F7}.Debug|Any CPU.Build.0 = Debug|Any CPU
		{B5BD5584-A4B9-47E5-8D77-37DE106241F7}.Debug|x64.ActiveCfg = Debug|Any CPU
		{B5BD5584-A4B9-47E5-8D77-37DE106241F7}.Debug|x64.Build.0 = Debug|Any CPU
		{B5BD5584-A4B9-47E5-8D77-37DE106241F7}.Debug|x86.ActiveCfg = Debug|Any CPU
		{B5BD5584-A4B9-47E5-8D77-37DE106241F7}.Debug|x86.Build.0 = Debug|Any CPU
		{B5BD5584-A4B9-47E5-8D77-37DE106241F7}.Release|Any CPU.ActiveCfg = Release|Any CPU
		{B5BD5584-A4B9-47E5-8D77-37DE106241F7}.Release|Any CPU.Build.0 = Release|Any CPU
		{B5BD5584-A4B9-47E5-8D77-37DE106241F7}.Release|x64.ActiveCfg = Release|Any CPU
		{B5BD5584-A4B9-47E5-8D77-37DE106241F7}.Release|x64.Build.0 = Release|Any CPU
		{B5BD5584-A4B9-47E5-8D77-37DE106241F7}.Release|x86.ActiveCfg = Release|Any CPU
		{B5BD5584-A4B9-47E5-8D77-37DE106241F7}.Release|x86.Build.0 = Release|Any CPU
		{EF7EEF72-A320-42E9-9870-8AA635861C58}.Debug|Any CPU.ActiveCfg = Debug|Any CPU
		{EF7EEF72-A320-42E9-9870-8AA635861C58}.Debug|Any CPU.Build.0 = Debug|Any CPU
		{EF7EEF72-A320-42E9-9870-8AA635861C58}.Debug|x64.ActiveCfg = Debug|Any CPU
		{EF7EEF72-A320-42E9-9870-8AA635861C58}.Debug|x64.Build.0 = Debug|Any CPU
		{EF7EEF72-A320-42E9-9870-8AA635861C58}.Debug|x86.ActiveCfg = Debug|Any CPU
		{EF7EEF72-A320-42E9-9870-8AA635861C58}.Debug|x86.Build.0 = Debug|Any CPU
		{EF7EEF72-A320-42E9-9870-8AA635861C58}.Release|Any CPU.ActiveCfg = Release|Any CPU
		{EF7EEF72-A320-42E9-9870-8AA635861C58}.Release|Any CPU.Build.0 = Release|Any CPU
		{EF7EEF72-A320-42E9-9870-8AA635861C58}.Release|x64.ActiveCfg = Release|Any CPU
		{EF7EEF72-A320-42E9-9870-8AA635861C58}.Release|x64.Build.0 = Release|Any CPU
		{EF7EEF72-A320-42E9-9870-8AA635861C58}.Release|x86.ActiveCfg = Release|Any CPU
		{EF7EEF72-A320-42E9-9870-8AA635861C58}.Release|x86.Build.0 = Release|Any CPU
		{1553AEBF-B7E1-40E7-960E-21092D3841B1}.Debug|Any CPU.ActiveCfg = Debug|Any CPU
		{1553AEBF-B7E1-40E7-960E-21092D3841B1}.Debug|Any CPU.Build.0 = Debug|Any CPU
		{1553AEBF-B7E1-40E7-960E-21092D3841B1}.Debug|x64.ActiveCfg = Debug|Any CPU
		{1553AEBF-B7E1-40E7-960E-21092D3841B1}.Debug|x64.Build.0 = Debug|Any CPU
		{1553AEBF-B7E1-40E7-960E-21092D3841B1}.Debug|x86.ActiveCfg = Debug|Any CPU
		{1553AEBF-B7E1-40E7-960E-21092D3841B1}.Debug|x86.Build.0 = Debug|Any CPU
		{1553AEBF-B7E1-40E7-960E-21092D3841B1}.Release|Any CPU.ActiveCfg = Release|Any CPU
		{1553AEBF-B7E1-40E7-960E-21092D3841B1}.Release|Any CPU.Build.0 = Release|Any CPU
		{1553AEBF-B7E1-40E7-960E-21092D3841B1}.Release|x64.ActiveCfg = Release|Any CPU
		{1553AEBF-B7E1-40E7-960E-21092D3841B1}.Release|x64.Build.0 = Release|Any CPU
		{1553AEBF-B7E1-40E7-960E-21092D3841B1}.Release|x86.ActiveCfg = Release|Any CPU
		{1553AEBF-B7E1-40E7-960E-21092D3841B1}.Release|x86.Build.0 = Release|Any CPU
		{0BF7A9EE-0990-4322-B730-FA9CF93FE905}.Debug|Any CPU.ActiveCfg = Debug|Any CPU
		{0BF7A9EE-0990-4322-B730-FA9CF93FE905}.Debug|Any CPU.Build.0 = Debug|Any CPU
		{0BF7A9EE-0990-4322-B730-FA9CF93FE905}.Debug|x64.ActiveCfg = Debug|Any CPU
		{0BF7A9EE-0990-4322-B730-FA9CF93FE905}.Debug|x64.Build.0 = Debug|Any CPU
		{0BF7A9EE-0990-4322-B730-FA9CF93FE905}.Debug|x86.ActiveCfg = Debug|Any CPU
		{0BF7A9EE-0990-4322-B730-FA9CF93FE905}.Debug|x86.Build.0 = Debug|Any CPU
		{0BF7A9EE-0990-4322-B730-FA9CF93FE905}.Release|Any CPU.ActiveCfg = Release|Any CPU
		{0BF7A9EE-0990-4322-B730-FA9CF93FE905}.Release|Any CPU.Build.0 = Release|Any CPU
		{0BF7A9EE-0990-4322-B730-FA9CF93FE905}.Release|x64.ActiveCfg = Release|Any CPU
		{0BF7A9EE-0990-4322-B730-FA9CF93FE905}.Release|x64.Build.0 = Release|Any CPU
		{0BF7A9EE-0990-4322-B730-FA9CF93FE905}.Release|x86.ActiveCfg = Release|Any CPU
		{0BF7A9EE-0990-4322-B730-FA9CF93FE905}.Release|x86.Build.0 = Release|Any CPU
	EndGlobalSection
EndGlobal
